
Microsoft Visual Studio Solution File, Format Version 10.00
# Visual Studio 2008
Project("{FAE04EC0-301F-11D3-BF4B-00C04F79EFBC}") = "sanalpos-csharp-client", "sanalpos-csharp-client\sanalpos-csharp-client.csproj", "{63D675AA-463D-4AF6-A98B-1221D5786F8D}"
EndProject
Global
	GlobalSection(SolutionConfigurationPlatforms) = preSolution
		Debug|Any CPU = Debug|Any CPU
		Release|Any CPU = Release|Any CPU
	EndGlobalSection
	GlobalSection(ProjectConfigurationPlatforms) = postSolution
		{63D675AA-463D-4AF6-A98B-1221D5786F8D}.Debug|Any CPU.ActiveCfg = Debug|Any CPU
		{63D675AA-463D-4AF6-A98B-1221D5786F8D}.Debug|Any CPU.Build.0 = Debug|Any CPU
		{63D675AA-463D-4AF6-A98B-1221D5786F8D}.Release|Any CPU.ActiveCfg = Release|Any CPU
		{63D675AA-463D-4AF6-A98B-1221D5786F8D}.Release|Any CPU.Build.0 = Release|Any CPU
	EndGlobalSection
	GlobalSection(SolutionProperties) = preSolution
		HideSolutionNode = FALSE
	EndGlobalSection
EndGlobal
